// !$*UTF8*$!
{
	archiveVersion = 1;
	classes = {
	};
	objectVersion = 56;
	objects = {

/* Begin PBXBuildFile section */
		7E42B3FA2CA22C590077FC5F /* Constants.swift in Sources */ = {isa = PBXBuildFile; fileRef = 7E42B3F92CA22C590077FC5F /* Constants.swift */; };
		7E42B40C2CA23E420077FC5F /* Enums.swift in Sources */ = {isa = PBXBuildFile; fileRef = 7E42B40B2CA23E420077FC5F /* Enums.swift */; };
		7E42B4122CA24D990077FC5F /* NetworkManager.swift in Sources */ = {isa = PBXBuildFile; fileRef = 7E42B4112CA24D990077FC5F /* NetworkManager.swift */; };
		7E42B4142CA24DC70077FC5F /* LocationManager.swift in Sources */ = {isa = PBXBuildFile; fileRef = 7E42B4132CA24DC70077FC5F /* LocationManager.swift */; };
		7E42B41C2CA34CF40077FC5F /* DashboardViewModel.swift in Sources */ = {isa = PBXBuildFile; fileRef = 7E42B41B2CA34CF40077FC5F /* DashboardViewModel.swift */; };
		7E42B41E2CA34D4F0077FC5F /* NowPlayingMoviesApi.swift in Sources */ = {isa = PBXBuildFile; fileRef = 7E42B41D2CA34D4E0077FC5F /* NowPlayingMoviesApi.swift */; };
		7E42B4202CA34DAE0077FC5F /* PopularMoviesApi.swift in Sources */ = {isa = PBXBuildFile; fileRef = 7E42B41F2CA34DAE0077FC5F /* PopularMoviesApi.swift */; };
		7E42B4222CA34E380077FC5F /* PopularMoviesModel.swift in Sources */ = {isa = PBXBuildFile; fileRef = 7E42B4212CA34E380077FC5F /* PopularMoviesModel.swift */; };
		7E42B4242CA34F920077FC5F /* TopRatedMoviesModel.swift in Sources */ = {isa = PBXBuildFile; fileRef = 7E42B4232CA34F920077FC5F /* TopRatedMoviesModel.swift */; };
		7E42B4262CA34FDC0077FC5F /* UpcomingMoviesModel.swift in Sources */ = {isa = PBXBuildFile; fileRef = 7E42B4252CA34FDC0077FC5F /* UpcomingMoviesModel.swift */; };
		7E42B4282CA350CB0077FC5F /* NowPlayingMoviesModel.swift in Sources */ = {isa = PBXBuildFile; fileRef = 7E42B4272CA350CB0077FC5F /* NowPlayingMoviesModel.swift */; };
		7E42B42A2CA357B90077FC5F /* DashboardSwiftUIView.swift in Sources */ = {isa = PBXBuildFile; fileRef = 7E42B4292CA357B90077FC5F /* DashboardSwiftUIView.swift */; };
		7E42B42D2CA381510077FC5F /* TopRatedMoviesApi.swift in Sources */ = {isa = PBXBuildFile; fileRef = 7E42B42C2CA381510077FC5F /* TopRatedMoviesApi.swift */; };
		7E42B42F2CA381FD0077FC5F /* UpcomingMoviesApi.swift in Sources */ = {isa = PBXBuildFile; fileRef = 7E42B42E2CA381FD0077FC5F /* UpcomingMoviesApi.swift */; };
		7E42B4312CA440A40077FC5F /* GradientView.swift in Sources */ = {isa = PBXBuildFile; fileRef = 7E42B4302CA440A40077FC5F /* GradientView.swift */; };
		7E42B4332CA440E90077FC5F /* MovieImageView.swift in Sources */ = {isa = PBXBuildFile; fileRef = 7E42B4322CA440E90077FC5F /* MovieImageView.swift */; };
		7E42B4352CA441310077FC5F /* MovieCardView.swift in Sources */ = {isa = PBXBuildFile; fileRef = 7E42B4342CA441310077FC5F /* MovieCardView.swift */; };
		7E42B4372CA4417B0077FC5F /* MovieSectionTitleView.swift in Sources */ = {isa = PBXBuildFile; fileRef = 7E42B4362CA4417B0077FC5F /* MovieSectionTitleView.swift */; };
		7ED685372CA221E900CBB69E /* MovieManiaApp.swift in Sources */ = {isa = PBXBuildFile; fileRef = 7ED685362CA221E900CBB69E /* MovieManiaApp.swift */; };
		7ED6853B2CA221EA00CBB69E /* Assets.xcassets in Resources */ = {isa = PBXBuildFile; fileRef = 7ED6853A2CA221EA00CBB69E /* Assets.xcassets */; };
		7ED6853E2CA221EA00CBB69E /* Preview Assets.xcassets in Resources */ = {isa = PBXBuildFile; fileRef = 7ED6853D2CA221EA00CBB69E /* Preview Assets.xcassets */; };
/* End PBXBuildFile section */

/* Begin PBXFileReference section */
		7E42B3F92CA22C590077FC5F /* Constants.swift */ = {isa = PBXFileReference; lastKnownFileType = sourcecode.swift; name = Constants.swift; path = ../../../Constants.swift; sourceTree = "<group>"; };
		7E42B40B2CA23E420077FC5F /* Enums.swift */ = {isa = PBXFileReference; lastKnownFileType = sourcecode.swift; path = Enums.swift; sourceTree = "<group>"; };
		7E42B4112CA24D990077FC5F /* NetworkManager.swift */ = {isa = PBXFileReference; fileEncoding = 4; lastKnownFileType = sourcecode.swift; path = NetworkManager.swift; sourceTree = "<group>"; };
		7E42B4132CA24DC70077FC5F /* LocationManager.swift */ = {isa = PBXFileReference; fileEncoding = 4; lastKnownFileType = sourcecode.swift; path = LocationManager.swift; sourceTree = "<group>"; };
		7E42B41B2CA34CF40077FC5F /* DashboardViewModel.swift */ = {isa = PBXFileReference; lastKnownFileType = sourcecode.swift; path = DashboardViewModel.swift; sourceTree = "<group>"; };
		7E42B41D2CA34D4E0077FC5F /* NowPlayingMoviesApi.swift */ = {isa = PBXFileReference; fileEncoding = 4; lastKnownFileType = sourcecode.swift; path = NowPlayingMoviesApi.swift; sourceTree = "<group>"; };
		7E42B41F2CA34DAE0077FC5F /* PopularMoviesApi.swift */ = {isa = PBXFileReference; lastKnownFileType = sourcecode.swift; path = PopularMoviesApi.swift; sourceTree = "<group>"; };
		7E42B4212CA34E380077FC5F /* PopularMoviesModel.swift */ = {isa = PBXFileReference; lastKnownFileType = sourcecode.swift; path = PopularMoviesModel.swift; sourceTree = "<group>"; };
		7E42B4232CA34F920077FC5F /* TopRatedMoviesModel.swift */ = {isa = PBXFileReference; lastKnownFileType = sourcecode.swift; path = TopRatedMoviesModel.swift; sourceTree = "<group>"; };
		7E42B4252CA34FDC0077FC5F /* UpcomingMoviesModel.swift */ = {isa = PBXFileReference; lastKnownFileType = sourcecode.swift; path = UpcomingMoviesModel.swift; sourceTree = "<group>"; };
		7E42B4272CA350CB0077FC5F /* NowPlayingMoviesModel.swift */ = {isa = PBXFileReference; fileEncoding = 4; lastKnownFileType = sourcecode.swift; path = NowPlayingMoviesModel.swift; sourceTree = "<group>"; };
		7E42B4292CA357B90077FC5F /* DashboardSwiftUIView.swift */ = {isa = PBXFileReference; lastKnownFileType = sourcecode.swift; path = DashboardSwiftUIView.swift; sourceTree = "<group>"; };
		7E42B42C2CA381510077FC5F /* TopRatedMoviesApi.swift */ = {isa = PBXFileReference; lastKnownFileType = sourcecode.swift; path = TopRatedMoviesApi.swift; sourceTree = "<group>"; };
		7E42B42E2CA381FD0077FC5F /* UpcomingMoviesApi.swift */ = {isa = PBXFileReference; lastKnownFileType = sourcecode.swift; path = UpcomingMoviesApi.swift; sourceTree = "<group>"; };
		7E42B4302CA440A40077FC5F /* GradientView.swift */ = {isa = PBXFileReference; lastKnownFileType = sourcecode.swift; path = GradientView.swift; sourceTree = "<group>"; };
		7E42B4322CA440E90077FC5F /* MovieImageView.swift */ = {isa = PBXFileReference; lastKnownFileType = sourcecode.swift; path = MovieImageView.swift; sourceTree = "<group>"; };
		7E42B4342CA441310077FC5F /* MovieCardView.swift */ = {isa = PBXFileReference; lastKnownFileType = sourcecode.swift; path = MovieCardView.swift; sourceTree = "<group>"; };
		7E42B4362CA4417B0077FC5F /* MovieSectionTitleView.swift */ = {isa = PBXFileReference; lastKnownFileType = sourcecode.swift; path = MovieSectionTitleView.swift; sourceTree = "<group>"; };
		7ED685332CA221E900CBB69E /* MovieMania.app */ = {isa = PBXFileReference; explicitFileType = wrapper.application; includeInIndex = 0; path = MovieMania.app; sourceTree = BUILT_PRODUCTS_DIR; };
		7ED685362CA221E900CBB69E /* MovieManiaApp.swift */ = {isa = PBXFileReference; lastKnownFileType = sourcecode.swift; path = MovieManiaApp.swift; sourceTree = "<group>"; };
		7ED6853A2CA221EA00CBB69E /* Assets.xcassets */ = {isa = PBXFileReference; lastKnownFileType = folder.assetcatalog; path = Assets.xcassets; sourceTree = "<group>"; };
		7ED6853D2CA221EA00CBB69E /* Preview Assets.xcassets */ = {isa = PBXFileReference; lastKnownFileType = folder.assetcatalog; path = "Preview Assets.xcassets"; sourceTree = "<group>"; };
/* End PBXFileReference section */

/* Begin PBXFrameworksBuildPhase section */
		7ED685302CA221E900CBB69E /* Frameworks */ = {
			isa = PBXFrameworksBuildPhase;
			buildActionMask = 2147483647;
			files = (
			);
			runOnlyForDeploymentPostprocessing = 0;
		};
/* End PBXFrameworksBuildPhase section */

/* Begin PBXGroup section */
		7E42B3F32CA229350077FC5F /* Supports */ = {
			isa = PBXGroup;
			children = (
				7ED685362CA221E900CBB69E /* MovieManiaApp.swift */,
			);
			path = Supports;
			sourceTree = "<group>";
		};
		7E42B3F42CA2294A0077FC5F /* Features */ = {
			isa = PBXGroup;
			children = (
				7E42B4032CA22D4B0077FC5F /* MovieDetail */,
				7E42B4022CA22D410077FC5F /* Dashboard */,
			);
			path = Features;
			sourceTree = "<group>";
		};
		7E42B3F52CA229540077FC5F /* Location */ = {
			isa = PBXGroup;
			children = (
				7E42B4132CA24DC70077FC5F /* LocationManager.swift */,
			);
			path = Location;
			sourceTree = "<group>";
		};
		7E42B3F62CA22C250077FC5F /* Resources */ = {
			isa = PBXGroup;
			children = (
				7ED6853A2CA221EA00CBB69E /* Assets.xcassets */,
			);
			path = Resources;
			sourceTree = "<group>";
		};
		7E42B3F72CA22C2F0077FC5F /* Networking */ = {
			isa = PBXGroup;
			children = (
				7E42B4112CA24D990077FC5F /* NetworkManager.swift */,
			);
			path = Networking;
			sourceTree = "<group>";
		};
		7E42B3F82CA22C450077FC5F /* Utils */ = {
			isa = PBXGroup;
			children = (
				7E42B4072CA239930077FC5F /* Extentions */,
				7E42B3FC2CA22C6A0077FC5F /* Helpers */,
				7E42B3FB2CA22C5D0077FC5F /* Enums */,
				7E42B3F92CA22C590077FC5F /* Constants.swift */,
				7E42B40B2CA23E420077FC5F /* Enums.swift */,
			);
			path = Utils;
			sourceTree = "<group>";
		};
		7E42B3FB2CA22C5D0077FC5F /* Enums */ = {
			isa = PBXGroup;
			children = (
			);
			path = Enums;
			sourceTree = "<group>";
		};
		7E42B3FC2CA22C6A0077FC5F /* Helpers */ = {
			isa = PBXGroup;
			children = (
			);
			path = Helpers;
			sourceTree = "<group>";
		};
		7E42B4022CA22D410077FC5F /* Dashboard */ = {
			isa = PBXGroup;
			children = (
				7E42B4102CA24BAD0077FC5F /* Apis */,
				7E42B40F2CA24BA80077FC5F /* View */,
				7E42B40E2CA24B9F0077FC5F /* ViewModel */,
				7E42B40D2CA24B940077FC5F /* Model */,
			);
			path = Dashboard;
			sourceTree = "<group>";
		};
		7E42B4032CA22D4B0077FC5F /* MovieDetail */ = {
			isa = PBXGroup;
			children = (
			);
			path = MovieDetail;
			sourceTree = "<group>";
		};
		7E42B4072CA239930077FC5F /* Extentions */ = {
			isa = PBXGroup;
			children = (
			);
			path = Extentions;
			sourceTree = "<group>";
		};
		7E42B40D2CA24B940077FC5F /* Model */ = {
			isa = PBXGroup;
			children = (
				7E42B4272CA350CB0077FC5F /* NowPlayingMoviesModel.swift */,
				7E42B4212CA34E380077FC5F /* PopularMoviesModel.swift */,
				7E42B4232CA34F920077FC5F /* TopRatedMoviesModel.swift */,
				7E42B4252CA34FDC0077FC5F /* UpcomingMoviesModel.swift */,
			);
			path = Model;
			sourceTree = "<group>";
		};
		7E42B40E2CA24B9F0077FC5F /* ViewModel */ = {
			isa = PBXGroup;
			children = (
				7E42B41B2CA34CF40077FC5F /* DashboardViewModel.swift */,
			);
			path = ViewModel;
			sourceTree = "<group>";
		};
		7E42B40F2CA24BA80077FC5F /* View */ = {
			isa = PBXGroup;
			children = (
				7E42B4292CA357B90077FC5F /* DashboardSwiftUIView.swift */,
				7E42B4302CA440A40077FC5F /* GradientView.swift */,
				7E42B4322CA440E90077FC5F /* MovieImageView.swift */,
				7E42B4342CA441310077FC5F /* MovieCardView.swift */,
				7E42B4362CA4417B0077FC5F /* MovieSectionTitleView.swift */,
			);
			path = View;
			sourceTree = "<group>";
		};
		7E42B4102CA24BAD0077FC5F /* Apis */ = {
			isa = PBXGroup;
			children = (
				7E42B41D2CA34D4E0077FC5F /* NowPlayingMoviesApi.swift */,
				7E42B41F2CA34DAE0077FC5F /* PopularMoviesApi.swift */,
				7E42B42C2CA381510077FC5F /* TopRatedMoviesApi.swift */,
				7E42B42E2CA381FD0077FC5F /* UpcomingMoviesApi.swift */,
			);
			path = Apis;
			sourceTree = "<group>";
		};
		7ED6852A2CA221E900CBB69E = {
			isa = PBXGroup;
			children = (
				7ED685352CA221E900CBB69E /* MovieMania */,
				7ED685342CA221E900CBB69E /* Products */,
			);
			sourceTree = "<group>";
		};
		7ED685342CA221E900CBB69E /* Products */ = {
			isa = PBXGroup;
			children = (
				7ED685332CA221E900CBB69E /* MovieMania.app */,
			);
			name = Products;
			sourceTree = "<group>";
		};
		7ED685352CA221E900CBB69E /* MovieMania */ = {
			isa = PBXGroup;
			children = (
				7E42B3F82CA22C450077FC5F /* Utils */,
				7E42B3F72CA22C2F0077FC5F /* Networking */,
				7E42B3F62CA22C250077FC5F /* Resources */,
				7E42B3F52CA229540077FC5F /* Location */,
				7E42B3F42CA2294A0077FC5F /* Features */,
				7E42B3F32CA229350077FC5F /* Supports */,
				7ED6853C2CA221EA00CBB69E /* Preview Content */,
			);
			path = MovieMania;
			sourceTree = "<group>";
		};
		7ED6853C2CA221EA00CBB69E /* Preview Content */ = {
			isa = PBXGroup;
			children = (
				7ED6853D2CA221EA00CBB69E /* Preview Assets.xcassets */,
			);
			path = "Preview Content";
			sourceTree = "<group>";
		};
/* End PBXGroup section */

/* Begin PBXNativeTarget section */
		7ED685322CA221E900CBB69E /* MovieMania */ = {
			isa = PBXNativeTarget;
			buildConfigurationList = 7ED685412CA221EA00CBB69E /* Build configuration list for PBXNativeTarget "MovieMania" */;
			buildPhases = (
				7ED6852F2CA221E900CBB69E /* Sources */,
				7ED685302CA221E900CBB69E /* Frameworks */,
				7ED685312CA221E900CBB69E /* Resources */,
			);
			buildRules = (
			);
			dependencies = (
			);
			name = MovieMania;
			productName = MovieMania;
			productReference = 7ED685332CA221E900CBB69E /* MovieMania.app */;
			productType = "com.apple.product-type.application";
		};
/* End PBXNativeTarget section */

/* Begin PBXProject section */
		7ED6852B2CA221E900CBB69E /* Project object */ = {
			isa = PBXProject;
			attributes = {
				BuildIndependentTargetsInParallel = 1;
				LastSwiftUpdateCheck = 1540;
				LastUpgradeCheck = 1540;
				TargetAttributes = {
					7ED685322CA221E900CBB69E = {
						CreatedOnToolsVersion = 15.4;
					};
				};
			};
			buildConfigurationList = 7ED6852E2CA221E900CBB69E /* Build configuration list for PBXProject "MovieMania" */;
			compatibilityVersion = "Xcode 14.0";
			developmentRegion = en;
			hasScannedForEncodings = 0;
			knownRegions = (
				en,
				Base,
			);
			mainGroup = 7ED6852A2CA221E900CBB69E;
			productRefGroup = 7ED685342CA221E900CBB69E /* Products */;
			projectDirPath = "";
			projectRoot = "";
			targets = (
				7ED685322CA221E900CBB69E /* MovieMania */,
			);
		};
/* End PBXProject section */

/* Begin PBXResourcesBuildPhase section */
		7ED685312CA221E900CBB69E /* Resources */ = {
			isa = PBXResourcesBuildPhase;
			buildActionMask = 2147483647;
			files = (
				7ED6853E2CA221EA00CBB69E /* Preview Assets.xcassets in Resources */,
				7ED6853B2CA221EA00CBB69E /* Assets.xcassets in Resources */,
			);
			runOnlyForDeploymentPostprocessing = 0;
		};
/* End PBXResourcesBuildPhase section */

/* Begin PBXSourcesBuildPhase section */
		7ED6852F2CA221E900CBB69E /* Sources */ = {
			isa = PBXSourcesBuildPhase;
			buildActionMask = 2147483647;
			files = (
				7E42B4372CA4417B0077FC5F /* MovieSectionTitleView.swift in Sources */,
				7E42B42F2CA381FD0077FC5F /* UpcomingMoviesApi.swift in Sources */,
				7E42B4282CA350CB0077FC5F /* NowPlayingMoviesModel.swift in Sources */,
				7E42B4332CA440E90077FC5F /* MovieImageView.swift in Sources */,
				7E42B4122CA24D990077FC5F /* NetworkManager.swift in Sources */,
				7ED685372CA221E900CBB69E /* MovieManiaApp.swift in Sources */,
				7E42B4142CA24DC70077FC5F /* LocationManager.swift in Sources */,
				7E42B41E2CA34D4F0077FC5F /* NowPlayingMoviesApi.swift in Sources */,
				7E42B4312CA440A40077FC5F /* GradientView.swift in Sources */,
				7E42B4202CA34DAE0077FC5F /* PopularMoviesApi.swift in Sources */,
				7E42B4222CA34E380077FC5F /* PopularMoviesModel.swift in Sources */,
				7E42B4262CA34FDC0077FC5F /* UpcomingMoviesModel.swift in Sources */,
				7E42B42A2CA357B90077FC5F /* DashboardSwiftUIView.swift in Sources */,
				7E42B3FA2CA22C590077FC5F /* Constants.swift in Sources */,
				7E42B4352CA441310077FC5F /* MovieCardView.swift in Sources */,
				7E42B42D2CA381510077FC5F /* TopRatedMoviesApi.swift in Sources */,
				7E42B41C2CA34CF40077FC5F /* DashboardViewModel.swift in Sources */,
				7E42B40C2CA23E420077FC5F /* Enums.swift in Sources */,
				7E42B4242CA34F920077FC5F /* TopRatedMoviesModel.swift in Sources */,
			);
			runOnlyForDeploymentPostprocessing = 0;
		};
/* End PBXSourcesBuildPhase section */

/* Begin XCBuildConfiguration section */
		7ED6853F2CA221EA00CBB69E /* Debug */ = {
			isa = XCBuildConfiguration;
			buildSettings = {
				ALWAYS_SEARCH_USER_PATHS = NO;
				ASSETCATALOG_COMPILER_GENERATE_SWIFT_ASSET_SYMBOL_EXTENSIONS = YES;
				CLANG_ANALYZER_NONNULL = YES;
				CLANG_ANALYZER_NUMBER_OBJECT_CONVERSION = YES_AGGRESSIVE;
				CLANG_CXX_LANGUAGE_STANDARD = "gnu++20";
				CLANG_ENABLE_MODULES = YES;
				CLANG_ENABLE_OBJC_ARC = YES;
				CLANG_ENABLE_OBJC_WEAK = YES;
				CLANG_WARN_BLOCK_CAPTURE_AUTORELEASING = YES;
				CLANG_WARN_BOOL_CONVERSION = YES;
				CLANG_WARN_COMMA = YES;
				CLANG_WARN_CONSTANT_CONVERSION = YES;
				CLANG_WARN_DEPRECATED_OBJC_IMPLEMENTATIONS = YES;
				CLANG_WARN_DIRECT_OBJC_ISA_USAGE = YES_ERROR;
				CLANG_WARN_DOCUMENTATION_COMMENTS = YES;
				CLANG_WARN_EMPTY_BODY = YES;
				CLANG_WARN_ENUM_CONVERSION = YES;
				CLANG_WARN_INFINITE_RECURSION = YES;
				CLANG_WARN_INT_CONVERSION = YES;
				CLANG_WARN_NON_LITERAL_NULL_CONVERSION = YES;
				CLANG_WARN_OBJC_IMPLICIT_RETAIN_SELF = YES;
				CLANG_WARN_OBJC_LITERAL_CONVERSION = YES;
				CLANG_WARN_OBJC_ROOT_CLASS = YES_ERROR;
				CLANG_WARN_QUOTED_INCLUDE_IN_FRAMEWORK_HEADER = YES;
				CLANG_WARN_RANGE_LOOP_ANALYSIS = YES;
				CLANG_WARN_STRICT_PROTOTYPES = YES;
				CLANG_WARN_SUSPICIOUS_MOVE = YES;
				CLANG_WARN_UNGUARDED_AVAILABILITY = YES_AGGRESSIVE;
				CLANG_WARN_UNREACHABLE_CODE = YES;
				CLANG_WARN__DUPLICATE_METHOD_MATCH = YES;
				COPY_PHASE_STRIP = NO;
				DEBUG_INFORMATION_FORMAT = dwarf;
				ENABLE_STRICT_OBJC_MSGSEND = YES;
				ENABLE_TESTABILITY = YES;
				ENABLE_USER_SCRIPT_SANDBOXING = YES;
				GCC_C_LANGUAGE_STANDARD = gnu17;
				GCC_DYNAMIC_NO_PIC = NO;
				GCC_NO_COMMON_BLOCKS = YES;
				GCC_OPTIMIZATION_LEVEL = 0;
				GCC_PREPROCESSOR_DEFINITIONS = (
					"DEBUG=1",
					"$(inherited)",
				);
				GCC_WARN_64_TO_32_BIT_CONVERSION = YES;
				GCC_WARN_ABOUT_RETURN_TYPE = YES_ERROR;
				GCC_WARN_UNDECLARED_SELECTOR = YES;
				GCC_WARN_UNINITIALIZED_AUTOS = YES_AGGRESSIVE;
				GCC_WARN_UNUSED_FUNCTION = YES;
				GCC_WARN_UNUSED_VARIABLE = YES;
				IPHONEOS_DEPLOYMENT_TARGET = 17.5;
				LOCALIZATION_PREFERS_STRING_CATALOGS = YES;
				MTL_ENABLE_DEBUG_INFO = INCLUDE_SOURCE;
				MTL_FAST_MATH = YES;
				ONLY_ACTIVE_ARCH = YES;
				SDKROOT = iphoneos;
				SWIFT_ACTIVE_COMPILATION_CONDITIONS = "DEBUG $(inherited)";
				SWIFT_OPTIMIZATION_LEVEL = "-Onone";
			};
			name = Debug;
		};
		7ED685402CA221EA00CBB69E /* Release */ = {
			isa = XCBuildConfiguration;
			buildSettings = {
				ALWAYS_SEARCH_USER_PATHS = NO;
				ASSETCATALOG_COMPILER_GENERATE_SWIFT_ASSET_SYMBOL_EXTENSIONS = YES;
				CLANG_ANALYZER_NONNULL = YES;
				CLANG_ANALYZER_NUMBER_OBJECT_CONVERSION = YES_AGGRESSIVE;
				CLANG_CXX_LANGUAGE_STANDARD = "gnu++20";
				CLANG_ENABLE_MODULES = YES;
				CLANG_ENABLE_OBJC_ARC = YES;
				CLANG_ENABLE_OBJC_WEAK = YES;
				CLANG_WARN_BLOCK_CAPTURE_AUTORELEASING = YES;
				CLANG_WARN_BOOL_CONVERSION = YES;
				CLANG_WARN_COMMA = YES;
				CLANG_WARN_CONSTANT_CONVERSION = YES;
				CLANG_WARN_DEPRECATED_OBJC_IMPLEMENTATIONS = YES;
				CLANG_WARN_DIRECT_OBJC_ISA_USAGE = YES_ERROR;
				CLANG_WARN_DOCUMENTATION_COMMENTS = YES;
				CLANG_WARN_EMPTY_BODY = YES;
				CLANG_WARN_ENUM_CONVERSION = YES;
				CLANG_WARN_INFINITE_RECURSION = YES;
				CLANG_WARN_INT_CONVERSION = YES;
				CLANG_WARN_NON_LITERAL_NULL_CONVERSION = YES;
				CLANG_WARN_OBJC_IMPLICIT_RETAIN_SELF = YES;
				CLANG_WARN_OBJC_LITERAL_CONVERSION = YES;
				CLANG_WARN_OBJC_ROOT_CLASS = YES_ERROR;
				CLANG_WARN_QUOTED_INCLUDE_IN_FRAMEWORK_HEADER = YES;
				CLANG_WARN_RANGE_LOOP_ANALYSIS = YES;
				CLANG_WARN_STRICT_PROTOTYPES = YES;
				CLANG_WARN_SUSPICIOUS_MOVE = YES;
				CLANG_WARN_UNGUARDED_AVAILABILITY = YES_AGGRESSIVE;
				CLANG_WARN_UNREACHABLE_CODE = YES;
				CLANG_WARN__DUPLICATE_METHOD_MATCH = YES;
				COPY_PHASE_STRIP = NO;
				DEBUG_INFORMATION_FORMAT = "dwarf-with-dsym";
				ENABLE_NS_ASSERTIONS = NO;
				ENABLE_STRICT_OBJC_MSGSEND = YES;
				ENABLE_USER_SCRIPT_SANDBOXING = YES;
				GCC_C_LANGUAGE_STANDARD = gnu17;
				GCC_NO_COMMON_BLOCKS = YES;
				GCC_WARN_64_TO_32_BIT_CONVERSION = YES;
				GCC_WARN_ABOUT_RETURN_TYPE = YES_ERROR;
				GCC_WARN_UNDECLARED_SELECTOR = YES;
				GCC_WARN_UNINITIALIZED_AUTOS = YES_AGGRESSIVE;
				GCC_WARN_UNUSED_FUNCTION = YES;
				GCC_WARN_UNUSED_VARIABLE = YES;
				IPHONEOS_DEPLOYMENT_TARGET = 17.5;
				LOCALIZATION_PREFERS_STRING_CATALOGS = YES;
				MTL_ENABLE_DEBUG_INFO = NO;
				MTL_FAST_MATH = YES;
				SDKROOT = iphoneos;
				SWIFT_COMPILATION_MODE = wholemodule;
				VALIDATE_PRODUCT = YES;
			};
			name = Release;
		};
		7ED685422CA221EA00CBB69E /* Debug */ = {
			isa = XCBuildConfiguration;
			buildSettings = {
				ASSETCATALOG_COMPILER_APPICON_NAME = AppIcon;
				ASSETCATALOG_COMPILER_GLOBAL_ACCENT_COLOR_NAME = AccentColor;
				CODE_SIGN_STYLE = Automatic;
				CURRENT_PROJECT_VERSION = 1;
				DEVELOPMENT_ASSET_PATHS = "\"MovieMania/Preview Content\"";
				DEVELOPMENT_TEAM = 7Z9Z5GA67R;
				ENABLE_PREVIEWS = YES;
				GENERATE_INFOPLIST_FILE = YES;
				INFOPLIST_KEY_UIApplicationSceneManifest_Generation = YES;
				INFOPLIST_KEY_UIApplicationSupportsIndirectInputEvents = YES;
				INFOPLIST_KEY_UILaunchScreen_Generation = YES;
				INFOPLIST_KEY_UISupportedInterfaceOrientations_iPad = "UIInterfaceOrientationPortrait UIInterfaceOrientationPortraitUpsideDown UIInterfaceOrientationLandscapeLeft UIInterfaceOrientationLandscapeRight";
				INFOPLIST_KEY_UISupportedInterfaceOrientations_iPhone = "UIInterfaceOrientationPortrait UIInterfaceOrientationLandscapeLeft UIInterfaceOrientationLandscapeRight";
				LD_RUNPATH_SEARCH_PATHS = (
					"$(inherited)",
					"@executable_path/Frameworks",
				);
				MARKETING_VERSION = 1.0;
				PRODUCT_BUNDLE_IDENTIFIER = com.Siddiqui.MovieMania;
				PRODUCT_NAME = "$(TARGET_NAME)";
				SWIFT_EMIT_LOC_STRINGS = YES;
				SWIFT_VERSION = 5.0;
				TARGETED_DEVICE_FAMILY = "1,2";
			};
			name = Debug;
		};
		7ED685432CA221EA00CBB69E /* Release */ = {
			isa = XCBuildConfiguration;
			buildSettings = {
				ASSETCATALOG_COMPILER_APPICON_NAME = AppIcon;
				ASSETCATALOG_COMPILER_GLOBAL_ACCENT_COLOR_NAME = AccentColor;
				CODE_SIGN_STYLE = Automatic;
				CURRENT_PROJECT_VERSION = 1;
				DEVELOPMENT_ASSET_PATHS = "\"MovieMania/Preview Content\"";
				DEVELOPMENT_TEAM = 7Z9Z5GA67R;
				ENABLE_PREVIEWS = YES;
				GENERATE_INFOPLIST_FILE = YES;
				INFOPLIST_KEY_UIApplicationSceneManifest_Generation = YES;
				INFOPLIST_KEY_UIApplicationSupportsIndirectInputEvents = YES;
				INFOPLIST_KEY_UILaunchScreen_Generation = YES;
				INFOPLIST_KEY_UISupportedInterfaceOrientations_iPad = "UIInterfaceOrientationPortrait UIInterfaceOrientationPortraitUpsideDown UIInterfaceOrientationLandscapeLeft UIInterfaceOrientationLandscapeRight";
				INFOPLIST_KEY_UISupportedInterfaceOrientations_iPhone = "UIInterfaceOrientationPortrait UIInterfaceOrientationLandscapeLeft UIInterfaceOrientationLandscapeRight";
				LD_RUNPATH_SEARCH_PATHS = (
					"$(inherited)",
					"@executable_path/Frameworks",
				);
				MARKETING_VERSION = 1.0;
				PRODUCT_BUNDLE_IDENTIFIER = com.Siddiqui.MovieMania;
				PRODUCT_NAME = "$(TARGET_NAME)";
				SWIFT_EMIT_LOC_STRINGS = YES;
				SWIFT_VERSION = 5.0;
				TARGETED_DEVICE_FAMILY = "1,2";
			};
			name = Release;
		};
/* End XCBuildConfiguration section */

/* Begin XCConfigurationList section */
		7ED6852E2CA221E900CBB69E /* Build configuration list for PBXProject "MovieMania" */ = {
			isa = XCConfigurationList;
			buildConfigurations = (
				7ED6853F2CA221EA00CBB69E /* Debug */,
				7ED685402CA221EA00CBB69E /* Release */,
			);
			defaultConfigurationIsVisible = 0;
			defaultConfigurationName = Release;
		};
		7ED685412CA221EA00CBB69E /* Build configuration list for PBXNativeTarget "MovieMania" */ = {
			isa = XCConfigurationList;
			buildConfigurations = (
				7ED685422CA221EA00CBB69E /* Debug */,
				7ED685432CA221EA00CBB69E /* Release */,
			);
			defaultConfigurationIsVisible = 0;
			defaultConfigurationName = Release;
		};
/* End XCConfigurationList section */
	};
	rootObject = 7ED6852B2CA221E900CBB69E /* Project object */;
}
